github.com/davecgh/go-spew v1.1.0/go.mod h1:J7Y8YcW2NihsgmVo/mv3lAwl/skON4iLHjSsI+c5H38=
github.com/davecgh/go-spew v1.1.1/go.mod h1:J7Y8YcW2NihsgmVo/mv3lAwl/skON4iLHjSsI+c5H38=
github.com/dimfeld/httppath v0.0.0-20170720192232-ee938bf73598 h1:MGKhKyiYrvMDZsmLR/+RGffQSXwEkXgfLSA08qDn9AI=
github.com/dimfeld/httppath v0.0.0-20170720192232-ee938bf73598/go.mod h1:0FpDmbrt36utu8jEmeU05dPC9AB5tsLYVVi+ZHfyuwI=
github.com/dimfeld/httptreemux/v5 v5.4.0 h1:IiHYEjh+A7pYbhWyjmGnj5HZK6gpOOvyBXCJ+BE8/Gs=
github.com/dimfeld/httptreemux/v5 v5.4.0/go.mod h1:QeEylH57C0v3VO0tkKraVz9oD3Uu93CKPnTLbsidvSw=
github.com/google/uuid v1.3.0 h1:t6JiXgmwXMjEs8VusXIJk2BXHsn+wx8BZdTaoZ5fu7I=
github.com/google/uuid v1.3.0/go.mod h1:TIyPZe4MgqvfeYDBFedMoGGpEw/LqOeaOT+nhxU+yHo=
github.com/gorilla/websocket v1.4.2 h1:+/TMaTYc4QFitKJxsQ7Yye35DkWvkdLcvGKqM+x0Ufc=
github.com/gorilla/websocket v1.4.2/go.mod h1:YR8l580nyteQvAITg2hZ9XVh4b55+EU/adAjf1fMHhE=
github.com/joho/godotenv v1.4.0 h1:3l4+N6zfMWnkbPEXKng2o2/MR5mSwTrBih4ZEkkz1lg=
github.com/joho/godotenv v1.4.0/go.mod h1:f4LDr5Voq0i2e/R5DDNOoa2zzDfwtkZa6DnEwAbqwq4=
github.com/kr/pretty v0.1.0/go.mod h1:dAy3ld7l9f0ibDNOQOHHMYYIIbhfbHSm3C4ZsoJORNo=
github.com/kr/pty v1.1.1/go.mod h1:pFQYn66WHrOpPYNljwOMqo10TkYh1fy3cYio2l3bCsQ=
github.com/kr/text v0.1.0/go.mod h1:4Jbv+DJW3UT/LiOwJeYQe1efqtUx/iVham/4vfdArNI=
github.com/manveru/faker v0.0.0-20171103152722-9fbc68a78c4d h1:Zj+PHjnhRYWBK6RqCDBcAhLXoi3TzC27Zad/Vn+gnVQ=
github.com/manveru/faker v0.0.0-20171103152722-9fbc68a78c4d/go.mod h1:WZy8Q5coAB1zhY9AOBJP0O6J4BuDfbupUDavKY+I3+s=
github.com/pmezard/go-difflib v1.0.0/go.mod h1:iKH77koFhYxTK1pcRnkKkqfTogsbg7gZNVY4sRDYZ/4=
github.com/sergi/go-diff v1.2.0 h1:XU+rvMAioB0UC3q1MFrIQy4Vo5/4VsRDQQXHsEya6xQ=
github.com/sergi/go-diff v1.2.0/go.mod h1:STckp+ISIX8hZLjrqAeVduY0gWCT9IjLuqbuNXdaHfM=
github.com/stretchr/objx v0.1.0/go.mod h1:HFkY916IF+rwdDfMAkV7OtwuqBVzrE8GR6GFx+wExME=
github.com/stretchr/testify v1.4.0/go.mod h1:j7eGeouHqKxXV5pUuKE4zz7dFj8WfuZ+81PSLYec5m4=
github.com/zach-klippenstein/goregen v0.0.0-20160303162051-795b5e3961ea h1:CyhwejzVGvZ3Q2PSbQ4NRRYn+ZWv5eS1vlaEusT+bAI=
github.com/zach-klippenstein/goregen v0.0.0-20160303162051-795b5e3961ea/go.mod h1:eNr558nEUjP8acGw8FFjTeWvSgU1stO7FAO6eknhHe4=
goa.design/goa/v3 v3.5.5 h1:sOZSy7KodGTANZ6QVR6UuqgzuzroXGzUIbbKBoTAG2M=
goa.design/goa/v3 v3.5.5/go.mod h1:fKBXWhT+vF6pqXQc9bb81D48WAQ38lm72iRN4VlPE0Y=
golang.org/x/crypto v0.0.0-20220307211146-efcb8507fb70 h1:syTAU9FwmvzEoIYMqcPHOcVm4H3U5u90WsvuYgwpETU=
golang.org/x/crypto v0.0.0-20220307211146-efcb8507fb70/go.mod h1:IxCIyHEi3zRg3s0A5j5BB6A9Jmi73HwBIUl50j+osU4=
golang.org/x/mod v0.5.1 h1:OJxoQ/rynoF0dcCdI7cLPktw/hR2cueqYfjm43oqK38=
golang.org/x/mod v0.5.1/go.mod h1:5OXOZSfqPIIbmVBIIKWRFfZjPR0E5r58TLhUjH0a2Ro=
golang.org/x/sys v0.0.0-20220204135822-1c1b9b1eba6a h1:ppl5mZgokTT8uPkmYOyEUmPTr3ypaKkg5eFOGrAmxxE=
golang.org/x/sys v0.0.0-20220204135822-1c1b9b1eba6a/go.mod h1:oPkhp1MJrh7nUepCBck5+mAzfO9JrbApNNgaTdGDITg=
golang.org/x/tools v0.1.9 h1:j9KsMiaP1c3B0OTQGth0/k+miLGTgLsAFUCrF2vLcF8=
golang.org/x/tools v0.1.9/go.mod h1:nABZi5QlRsZVlzPpHl034qft6wpY4eDcsTt5AaioBiU=
golang.org/x/xerrors v0.0.0-20200804184101-5ec99f83aff1 h1:go1bK/D/BFZV2I8cIQd1NKEZ+0owSTG1fDTci4IqFcE=
golang.org/x/xerrors v0.0.0-20200804184101-5ec99f83aff1/go.mod h1:I/5z698sn9Ka8TeJc9MKroUUfqBBauWjQqLJ2OPfmY0=
gopkg.in/check.v1 v0.0.0-20161208181325-20d25e280405/go.mod h1:Co6ibVJAznAaIkqp8huTwlJQCZ016jof/cbN4VW5Yz0=
gopkg.in/check.v1 v1.0.0-20190902080502-41f04d3bba15/go.mod h1:Co6ibVJAznAaIkqp8huTwlJQCZ016jof/cbN4VW5Yz0=
gopkg.in/yaml.v2 v2.2.2/go.mod h1:hI93XBmqTisBFMUTm0b8Fm+jr3Dg1NNxqwp+5A1VGuI=
gopkg.in/yaml.v2 v2.2.4/go.mod h1:hI93XBmqTisBFMUTm0b8Fm+jr3Dg1NNxqwp+5A1VGuI=
gopkg.in/yaml.v2 v2.4.0 h1:D8xgwECY7CYvx+Y2n4sBz93Jn9JRvxdiyyo8CTfuKaY=
gopkg.in/yaml.v2 v2.4.0/go.mod h1:RDklbk79AGWmwhnvt/jBztapEOGDOx6ZbXqjP6csGnQ=
